// !$*UTF8*$!
{
	archiveVersion = 1;
	classes = {
	};
	objectVersion = 56;
	objects = {

/* Begin PBXBuildFile section */
		8CD0DD572ADDF046007FD2D4 /* PruebaPlatziApp.swift in Sources */ = {isa = PBXBuildFile; fileRef = 8CD0DD562ADDF046007FD2D4 /* PruebaPlatziApp.swift */; };
		8CD0DD5B2ADDF048007FD2D4 /* Assets.xcassets in Resources */ = {isa = PBXBuildFile; fileRef = 8CD0DD5A2ADDF048007FD2D4 /* Assets.xcassets */; };
		8CD0DD5E2ADDF048007FD2D4 /* Preview Assets.xcassets in Resources */ = {isa = PBXBuildFile; fileRef = 8CD0DD5D2ADDF048007FD2D4 /* Preview Assets.xcassets */; };
		8CD0DD682ADDF048007FD2D4 /* PruebaPlatziTests.swift in Sources */ = {isa = PBXBuildFile; fileRef = 8CD0DD672ADDF048007FD2D4 /* PruebaPlatziTests.swift */; };
		8CD0DD722ADDF048007FD2D4 /* PruebaPlatziUITests.swift in Sources */ = {isa = PBXBuildFile; fileRef = 8CD0DD712ADDF048007FD2D4 /* PruebaPlatziUITests.swift */; };
		8CD0DD742ADDF048007FD2D4 /* PruebaPlatziUITestsLaunchTests.swift in Sources */ = {isa = PBXBuildFile; fileRef = 8CD0DD732ADDF048007FD2D4 /* PruebaPlatziUITestsLaunchTests.swift */; };
		8CD8C5D12ADE082700051D9D /* Realm in Frameworks */ = {isa = PBXBuildFile; productRef = 8CD8C5D02ADE082700051D9D /* Realm */; };
		8CD8C5D32ADE082700051D9D /* RealmSwift in Frameworks */ = {isa = PBXBuildFile; productRef = 8CD8C5D22ADE082700051D9D /* RealmSwift */; };
		8CD8C5D52ADE08DF00051D9D /* Video.swift in Sources */ = {isa = PBXBuildFile; fileRef = 8CD8C5D42ADE08DF00051D9D /* Video.swift */; };
		8CD8C5D72ADE08EA00051D9D /* User.swift in Sources */ = {isa = PBXBuildFile; fileRef = 8CD8C5D62ADE08EA00051D9D /* User.swift */; };
		8CD8C5D92ADE08F700051D9D /* VideoFile.swift in Sources */ = {isa = PBXBuildFile; fileRef = 8CD8C5D82ADE08F700051D9D /* VideoFile.swift */; };
		8CD8C5DB2ADE090600051D9D /* VideoPicture.swift in Sources */ = {isa = PBXBuildFile; fileRef = 8CD8C5DA2ADE090600051D9D /* VideoPicture.swift */; };
		8CD8C5DF2ADE0A3300051D9D /* ListViewViewModel.swift in Sources */ = {isa = PBXBuildFile; fileRef = 8CD8C5DE2ADE0A3300051D9D /* ListViewViewModel.swift */; };
		8CD8C5E12ADE0AF000051D9D /* ListView.swift in Sources */ = {isa = PBXBuildFile; fileRef = 8CD8C5E02ADE0AF000051D9D /* ListView.swift */; };
		8CD8C5E32ADE0B1600051D9D /* VideoDetailView.swift in Sources */ = {isa = PBXBuildFile; fileRef = 8CD8C5E22ADE0B1600051D9D /* VideoDetailView.swift */; };
		8CD8C5E52ADE0B2800051D9D /* VideoDetailViewModel.swift in Sources */ = {isa = PBXBuildFile; fileRef = 8CD8C5E42ADE0B2800051D9D /* VideoDetailViewModel.swift */; };
		8CD8C5E72ADE0B5500051D9D /* PexelsAPIService.swift in Sources */ = {isa = PBXBuildFile; fileRef = 8CD8C5E62ADE0B5500051D9D /* PexelsAPIService.swift */; };
		8CD8C5E92ADE0B6400051D9D /* RealmService.swift in Sources */ = {isa = PBXBuildFile; fileRef = 8CD8C5E82ADE0B6400051D9D /* RealmService.swift */; };
		8CD8C5EC2ADE0B8200051D9D /* Functions.swift in Sources */ = {isa = PBXBuildFile; fileRef = 8CD8C5EB2ADE0B8200051D9D /* Functions.swift */; };
		8CD8C5EE2ADE0F9300051D9D /* VideoManager.swift in Sources */ = {isa = PBXBuildFile; fileRef = 8CD8C5ED2ADE0F9300051D9D /* VideoManager.swift */; };
		8CD8C5F02ADE109100051D9D /* ConnectivityMonitor.swift in Sources */ = {isa = PBXBuildFile; fileRef = 8CD8C5EF2ADE109100051D9D /* ConnectivityMonitor.swift */; };
		8CD8C5F22ADE449400051D9D /* FullScreenVideoPlayer.swift in Sources */ = {isa = PBXBuildFile; fileRef = 8CD8C5F12ADE449400051D9D /* FullScreenVideoPlayer.swift */; };
		8CD8C5F42ADE562900051D9D /* VideoRow.swift in Sources */ = {isa = PBXBuildFile; fileRef = 8CD8C5F32ADE562900051D9D /* VideoRow.swift */; };
		8CD8C5F62ADE79D800051D9D /* PlatziLoader.swift in Sources */ = {isa = PBXBuildFile; fileRef = 8CD8C5F52ADE79D800051D9D /* PlatziLoader.swift */; };
/* End PBXBuildFile section */

/* Begin PBXContainerItemProxy section */
		8CD0DD642ADDF048007FD2D4 /* PBXContainerItemProxy */ = {
			isa = PBXContainerItemProxy;
			containerPortal = 8CD0DD4B2ADDF046007FD2D4 /* Project object */;
			proxyType = 1;
			remoteGlobalIDString = 8CD0DD522ADDF046007FD2D4;
			remoteInfo = PruebaPlatzi;
		};
		8CD0DD6E2ADDF048007FD2D4 /* PBXContainerItemProxy */ = {
			isa = PBXContainerItemProxy;
			containerPortal = 8CD0DD4B2ADDF046007FD2D4 /* Project object */;
			proxyType = 1;
			remoteGlobalIDString = 8CD0DD522ADDF046007FD2D4;
			remoteInfo = PruebaPlatzi;
		};
/* End PBXContainerItemProxy section */

/* Begin PBXFileReference section */
		8CD0DD532ADDF046007FD2D4 /* PruebaPlatzi.app */ = {isa = PBXFileReference; explicitFileType = wrapper.application; includeInIndex = 0; path = PruebaPlatzi.app; sourceTree = BUILT_PRODUCTS_DIR; };
		8CD0DD562ADDF046007FD2D4 /* PruebaPlatziApp.swift */ = {isa = PBXFileReference; lastKnownFileType = sourcecode.swift; path = PruebaPlatziApp.swift; sourceTree = "<group>"; };
		8CD0DD5A2ADDF048007FD2D4 /* Assets.xcassets */ = {isa = PBXFileReference; lastKnownFileType = folder.assetcatalog; path = Assets.xcassets; sourceTree = "<group>"; };
		8CD0DD5D2ADDF048007FD2D4 /* Preview Assets.xcassets */ = {isa = PBXFileReference; lastKnownFileType = folder.assetcatalog; path = "Preview Assets.xcassets"; sourceTree = "<group>"; };
		8CD0DD632ADDF048007FD2D4 /* PruebaPlatziTests.xctest */ = {isa = PBXFileReference; explicitFileType = wrapper.cfbundle; includeInIndex = 0; path = PruebaPlatziTests.xctest; sourceTree = BUILT_PRODUCTS_DIR; };
		8CD0DD672ADDF048007FD2D4 /* PruebaPlatziTests.swift */ = {isa = PBXFileReference; lastKnownFileType = sourcecode.swift; path = PruebaPlatziTests.swift; sourceTree = "<group>"; };
		8CD0DD6D2ADDF048007FD2D4 /* PruebaPlatziUITests.xctest */ = {isa = PBXFileReference; explicitFileType = wrapper.cfbundle; includeInIndex = 0; path = PruebaPlatziUITests.xctest; sourceTree = BUILT_PRODUCTS_DIR; };
		8CD0DD712ADDF048007FD2D4 /* PruebaPlatziUITests.swift */ = {isa = PBXFileReference; lastKnownFileType = sourcecode.swift; path = PruebaPlatziUITests.swift; sourceTree = "<group>"; };
		8CD0DD732ADDF048007FD2D4 /* PruebaPlatziUITestsLaunchTests.swift */ = {isa = PBXFileReference; lastKnownFileType = sourcecode.swift; path = PruebaPlatziUITestsLaunchTests.swift; sourceTree = "<group>"; };
		8CD8C5D42ADE08DF00051D9D /* Video.swift */ = {isa = PBXFileReference; lastKnownFileType = sourcecode.swift; path = Video.swift; sourceTree = "<group>"; };
		8CD8C5D62ADE08EA00051D9D /* User.swift */ = {isa = PBXFileReference; lastKnownFileType = sourcecode.swift; path = User.swift; sourceTree = "<group>"; };
		8CD8C5D82ADE08F700051D9D /* VideoFile.swift */ = {isa = PBXFileReference; lastKnownFileType = sourcecode.swift; path = VideoFile.swift; sourceTree = "<group>"; };
		8CD8C5DA2ADE090600051D9D /* VideoPicture.swift */ = {isa = PBXFileReference; lastKnownFileType = sourcecode.swift; path = VideoPicture.swift; sourceTree = "<group>"; };
		8CD8C5DE2ADE0A3300051D9D /* ListViewViewModel.swift */ = {isa = PBXFileReference; lastKnownFileType = sourcecode.swift; path = ListViewViewModel.swift; sourceTree = "<group>"; };
		8CD8C5E02ADE0AF000051D9D /* ListView.swift */ = {isa = PBXFileReference; lastKnownFileType = sourcecode.swift; path = ListView.swift; sourceTree = "<group>"; };
		8CD8C5E22ADE0B1600051D9D /* VideoDetailView.swift */ = {isa = PBXFileReference; lastKnownFileType = sourcecode.swift; path = VideoDetailView.swift; sourceTree = "<group>"; };
		8CD8C5E42ADE0B2800051D9D /* VideoDetailViewModel.swift */ = {isa = PBXFileReference; lastKnownFileType = sourcecode.swift; path = VideoDetailViewModel.swift; sourceTree = "<group>"; };
		8CD8C5E62ADE0B5500051D9D /* PexelsAPIService.swift */ = {isa = PBXFileReference; lastKnownFileType = sourcecode.swift; path = PexelsAPIService.swift; sourceTree = "<group>"; };
		8CD8C5E82ADE0B6400051D9D /* RealmService.swift */ = {isa = PBXFileReference; lastKnownFileType = sourcecode.swift; path = RealmService.swift; sourceTree = "<group>"; };
		8CD8C5EB2ADE0B8200051D9D /* Functions.swift */ = {isa = PBXFileReference; lastKnownFileType = sourcecode.swift; path = Functions.swift; sourceTree = "<group>"; };
		8CD8C5ED2ADE0F9300051D9D /* VideoManager.swift */ = {isa = PBXFileReference; lastKnownFileType = sourcecode.swift; path = VideoManager.swift; sourceTree = "<group>"; };
		8CD8C5EF2ADE109100051D9D /* ConnectivityMonitor.swift */ = {isa = PBXFileReference; lastKnownFileType = sourcecode.swift; path = ConnectivityMonitor.swift; sourceTree = "<group>"; };
		8CD8C5F12ADE449400051D9D /* FullScreenVideoPlayer.swift */ = {isa = PBXFileReference; lastKnownFileType = sourcecode.swift; path = FullScreenVideoPlayer.swift; sourceTree = "<group>"; };
		8CD8C5F32ADE562900051D9D /* VideoRow.swift */ = {isa = PBXFileReference; lastKnownFileType = sourcecode.swift; path = VideoRow.swift; sourceTree = "<group>"; };
		8CD8C5F52ADE79D800051D9D /* PlatziLoader.swift */ = {isa = PBXFileReference; lastKnownFileType = sourcecode.swift; path = PlatziLoader.swift; sourceTree = "<group>"; };
/* End PBXFileReference section */

/* Begin PBXFrameworksBuildPhase section */
		8CD0DD502ADDF046007FD2D4 /* Frameworks */ = {
			isa = PBXFrameworksBuildPhase;
			buildActionMask = 2147483647;
			files = (
				8CD8C5D32ADE082700051D9D /* RealmSwift in Frameworks */,
				8CD8C5D12ADE082700051D9D /* Realm in Frameworks */,
			);
			runOnlyForDeploymentPostprocessing = 0;
		};
		8CD0DD602ADDF048007FD2D4 /* Frameworks */ = {
			isa = PBXFrameworksBuildPhase;
			buildActionMask = 2147483647;
			files = (
			);
			runOnlyForDeploymentPostprocessing = 0;
		};
		8CD0DD6A2ADDF048007FD2D4 /* Frameworks */ = {
			isa = PBXFrameworksBuildPhase;
			buildActionMask = 2147483647;
			files = (
			);
			runOnlyForDeploymentPostprocessing = 0;
		};
/* End PBXFrameworksBuildPhase section */

/* Begin PBXGroup section */
		8CD0DD4A2ADDF046007FD2D4 = {
			isa = PBXGroup;
			children = (
				8CD0DD552ADDF046007FD2D4 /* PruebaPlatzi */,
				8CD0DD662ADDF048007FD2D4 /* PruebaPlatziTests */,
				8CD0DD702ADDF048007FD2D4 /* PruebaPlatziUITests */,
				8CD0DD542ADDF046007FD2D4 /* Products */,
			);
			sourceTree = "<group>";
		};
		8CD0DD542ADDF046007FD2D4 /* Products */ = {
			isa = PBXGroup;
			children = (
				8CD0DD532ADDF046007FD2D4 /* PruebaPlatzi.app */,
				8CD0DD632ADDF048007FD2D4 /* PruebaPlatziTests.xctest */,
				8CD0DD6D2ADDF048007FD2D4 /* PruebaPlatziUITests.xctest */,
			);
			name = Products;
			sourceTree = "<group>";
		};
		8CD0DD552ADDF046007FD2D4 /* PruebaPlatzi */ = {
			isa = PBXGroup;
			children = (
				8CD8C5EA2ADE0B7400051D9D /* Extensions */,
				8CD8C5CE2ADE07DC00051D9D /* Persistence */,
				8CD8C5CD2ADE07D200051D9D /* Services */,
				8CD8C5CC2ADE07CB00051D9D /* ViewModels */,
				8CD8C5CB2ADE07C300051D9D /* Views */,
				8CD8C5CA2ADE07B500051D9D /* Models */,
				8CD0DD562ADDF046007FD2D4 /* PruebaPlatziApp.swift */,
				8CD0DD5A2ADDF048007FD2D4 /* Assets.xcassets */,
				8CD0DD5C2ADDF048007FD2D4 /* Preview Content */,
			);
			path = PruebaPlatzi;
			sourceTree = "<group>";
		};
		8CD0DD5C2ADDF048007FD2D4 /* Preview Content */ = {
			isa = PBXGroup;
			children = (
				8CD0DD5D2ADDF048007FD2D4 /* Preview Assets.xcassets */,
			);
			path = "Preview Content";
			sourceTree = "<group>";
		};
		8CD0DD662ADDF048007FD2D4 /* PruebaPlatziTests */ = {
			isa = PBXGroup;
			children = (
				8CD0DD672ADDF048007FD2D4 /* PruebaPlatziTests.swift */,
			);
			path = PruebaPlatziTests;
			sourceTree = "<group>";
		};
		8CD0DD702ADDF048007FD2D4 /* PruebaPlatziUITests */ = {
			isa = PBXGroup;
			children = (
				8CD0DD712ADDF048007FD2D4 /* PruebaPlatziUITests.swift */,
				8CD0DD732ADDF048007FD2D4 /* PruebaPlatziUITestsLaunchTests.swift */,
			);
			path = PruebaPlatziUITests;
			sourceTree = "<group>";
		};
		8CD8C5CA2ADE07B500051D9D /* Models */ = {
			isa = PBXGroup;
			children = (
				8CD8C5D42ADE08DF00051D9D /* Video.swift */,
				8CD8C5D62ADE08EA00051D9D /* User.swift */,
				8CD8C5D82ADE08F700051D9D /* VideoFile.swift */,
				8CD8C5DA2ADE090600051D9D /* VideoPicture.swift */,
			);
			path = Models;
			sourceTree = "<group>";
		};
		8CD8C5CB2ADE07C300051D9D /* Views */ = {
			isa = PBXGroup;
			children = (
				8CD8C5E02ADE0AF000051D9D /* ListView.swift */,
				8CD8C5E22ADE0B1600051D9D /* VideoDetailView.swift */,
				8CD8C5F12ADE449400051D9D /* FullScreenVideoPlayer.swift */,
				8CD8C5F32ADE562900051D9D /* VideoRow.swift */,
				8CD8C5F52ADE79D800051D9D /* PlatziLoader.swift */,
			);
			path = Views;
			sourceTree = "<group>";
		};
		8CD8C5CC2ADE07CB00051D9D /* ViewModels */ = {
			isa = PBXGroup;
			children = (
				8CD8C5DE2ADE0A3300051D9D /* ListViewViewModel.swift */,
				8CD8C5E42ADE0B2800051D9D /* VideoDetailViewModel.swift */,
			);
			path = ViewModels;
			sourceTree = "<group>";
		};
		8CD8C5CD2ADE07D200051D9D /* Services */ = {
			isa = PBXGroup;
			children = (
				8CD8C5E62ADE0B5500051D9D /* PexelsAPIService.swift */,
				8CD8C5ED2ADE0F9300051D9D /* VideoManager.swift */,
				8CD8C5EF2ADE109100051D9D /* ConnectivityMonitor.swift */,
			);
			path = Services;
			sourceTree = "<group>";
		};
		8CD8C5CE2ADE07DC00051D9D /* Persistence */ = {
			isa = PBXGroup;
			children = (
				8CD8C5E82ADE0B6400051D9D /* RealmService.swift */,
			);
			path = Persistence;
			sourceTree = "<group>";
		};
		8CD8C5EA2ADE0B7400051D9D /* Extensions */ = {
			isa = PBXGroup;
			children = (
				8CD8C5EB2ADE0B8200051D9D /* Functions.swift */,
			);
			path = Extensions;
			sourceTree = "<group>";
		};
/* End PBXGroup section */

/* Begin PBXNativeTarget section */
		8CD0DD522ADDF046007FD2D4 /* PruebaPlatzi */ = {
			isa = PBXNativeTarget;
			buildConfigurationList = 8CD0DD772ADDF048007FD2D4 /* Build configuration list for PBXNativeTarget "PruebaPlatzi" */;
			buildPhases = (
				8CD0DD4F2ADDF046007FD2D4 /* Sources */,
				8CD0DD502ADDF046007FD2D4 /* Frameworks */,
				8CD0DD512ADDF046007FD2D4 /* Resources */,
			);
			buildRules = (
			);
			dependencies = (
			);
			name = PruebaPlatzi;
			packageProductDependencies = (
				8CD8C5D02ADE082700051D9D /* Realm */,
				8CD8C5D22ADE082700051D9D /* RealmSwift */,
			);
			productName = PruebaPlatzi;
			productReference = 8CD0DD532ADDF046007FD2D4 /* PruebaPlatzi.app */;
			productType = "com.apple.product-type.application";
		};
		8CD0DD622ADDF048007FD2D4 /* PruebaPlatziTests */ = {
			isa = PBXNativeTarget;
			buildConfigurationList = 8CD0DD7A2ADDF048007FD2D4 /* Build configuration list for PBXNativeTarget "PruebaPlatziTests" */;
			buildPhases = (
				8CD0DD5F2ADDF048007FD2D4 /* Sources */,
				8CD0DD602ADDF048007FD2D4 /* Frameworks */,
				8CD0DD612ADDF048007FD2D4 /* Resources */,
			);
			buildRules = (
			);
			dependencies = (
				8CD0DD652ADDF048007FD2D4 /* PBXTargetDependency */,
			);
			name = PruebaPlatziTests;
			productName = PruebaPlatziTests;
			productReference = 8CD0DD632ADDF048007FD2D4 /* PruebaPlatziTests.xctest */;
			productType = "com.apple.product-type.bundle.unit-test";
		};
		8CD0DD6C2ADDF048007FD2D4 /* PruebaPlatziUITests */ = {
			isa = PBXNativeTarget;
			buildConfigurationList = 8CD0DD7D2ADDF048007FD2D4 /* Build configuration list for PBXNativeTarget "PruebaPlatziUITests" */;
			buildPhases = (
				8CD0DD692ADDF048007FD2D4 /* Sources */,
				8CD0DD6A2ADDF048007FD2D4 /* Frameworks */,
				8CD0DD6B2ADDF048007FD2D4 /* Resources */,
			);
			buildRules = (
			);
			dependencies = (
				8CD0DD6F2ADDF048007FD2D4 /* PBXTargetDependency */,
			);
			name = PruebaPlatziUITests;
			productName = PruebaPlatziUITests;
			productReference = 8CD0DD6D2ADDF048007FD2D4 /* PruebaPlatziUITests.xctest */;
			productType = "com.apple.product-type.bundle.ui-testing";
		};
/* End PBXNativeTarget section */

/* Begin PBXProject section */
		8CD0DD4B2ADDF046007FD2D4 /* Project object */ = {
			isa = PBXProject;
			attributes = {
				BuildIndependentTargetsInParallel = 1;
				LastSwiftUpdateCheck = 1420;
				LastUpgradeCheck = 1420;
				TargetAttributes = {
					8CD0DD522ADDF046007FD2D4 = {
						CreatedOnToolsVersion = 14.2;
					};
					8CD0DD622ADDF048007FD2D4 = {
						CreatedOnToolsVersion = 14.2;
						TestTargetID = 8CD0DD522ADDF046007FD2D4;
					};
					8CD0DD6C2ADDF048007FD2D4 = {
						CreatedOnToolsVersion = 14.2;
						TestTargetID = 8CD0DD522ADDF046007FD2D4;
					};
				};
			};
			buildConfigurationList = 8CD0DD4E2ADDF046007FD2D4 /* Build configuration list for PBXProject "PruebaPlatzi" */;
			compatibilityVersion = "Xcode 14.0";
			developmentRegion = en;
			hasScannedForEncodings = 0;
			knownRegions = (
				en,
				Base,
			);
			mainGroup = 8CD0DD4A2ADDF046007FD2D4;
			packageReferences = (
				8CD8C5CF2ADE082700051D9D /* XCRemoteSwiftPackageReference "realm-swift" */,
			);
			productRefGroup = 8CD0DD542ADDF046007FD2D4 /* Products */;
			projectDirPath = "";
			projectRoot = "";
			targets = (
				8CD0DD522ADDF046007FD2D4 /* PruebaPlatzi */,
				8CD0DD622ADDF048007FD2D4 /* PruebaPlatziTests */,
				8CD0DD6C2ADDF048007FD2D4 /* PruebaPlatziUITests */,
			);
		};
/* End PBXProject section */

/* Begin PBXResourcesBuildPhase section */
		8CD0DD512ADDF046007FD2D4 /* Resources */ = {
			isa = PBXResourcesBuildPhase;
			buildActionMask = 2147483647;
			files = (
				8CD0DD5E2ADDF048007FD2D4 /* Preview Assets.xcassets in Resources */,
				8CD0DD5B2ADDF048007FD2D4 /* Assets.xcassets in Resources */,
			);
			runOnlyForDeploymentPostprocessing = 0;
		};
		8CD0DD612ADDF048007FD2D4 /* Resources */ = {
			isa = PBXResourcesBuildPhase;
			buildActionMask = 2147483647;
			files = (
			);
			runOnlyForDeploymentPostprocessing = 0;
		};
		8CD0DD6B2ADDF048007FD2D4 /* Resources */ = {
			isa = PBXResourcesBuildPhase;
			buildActionMask = 2147483647;
			files = (
			);
			runOnlyForDeploymentPostprocessing = 0;
		};
/* End PBXResourcesBuildPhase section */

/* Begin PBXSourcesBuildPhase section */
		8CD0DD4F2ADDF046007FD2D4 /* Sources */ = {
			isa = PBXSourcesBuildPhase;
			buildActionMask = 2147483647;
			files = (
				8CD8C5D92ADE08F700051D9D /* VideoFile.swift in Sources */,
				8CD8C5E92ADE0B6400051D9D /* RealmService.swift in Sources */,
				8CD8C5E72ADE0B5500051D9D /* PexelsAPIService.swift in Sources */,
				8CD8C5F02ADE109100051D9D /* ConnectivityMonitor.swift in Sources */,
				8CD8C5D72ADE08EA00051D9D /* User.swift in Sources */,
				8CD8C5EE2ADE0F9300051D9D /* VideoManager.swift in Sources */,
				8CD8C5F62ADE79D800051D9D /* PlatziLoader.swift in Sources */,
				8CD8C5D52ADE08DF00051D9D /* Video.swift in Sources */,
				8CD8C5E12ADE0AF000051D9D /* ListView.swift in Sources */,
				8CD8C5F42ADE562900051D9D /* VideoRow.swift in Sources */,
				8CD8C5DF2ADE0A3300051D9D /* ListViewViewModel.swift in Sources */,
				8CD8C5E32ADE0B1600051D9D /* VideoDetailView.swift in Sources */,
				8CD8C5DB2ADE090600051D9D /* VideoPicture.swift in Sources */,
				8CD8C5E52ADE0B2800051D9D /* VideoDetailViewModel.swift in Sources */,
				8CD0DD572ADDF046007FD2D4 /* PruebaPlatziApp.swift in Sources */,
				8CD8C5EC2ADE0B8200051D9D /* Functions.swift in Sources */,
				8CD8C5F22ADE449400051D9D /* FullScreenVideoPlayer.swift in Sources */,
			);
			runOnlyForDeploymentPostprocessing = 0;
		};
		8CD0DD5F2ADDF048007FD2D4 /* Sources */ = {
			isa = PBXSourcesBuildPhase;
			buildActionMask = 2147483647;
			files = (
				8CD0DD682ADDF048007FD2D4 /* PruebaPlatziTests.swift in Sources */,
			);
			runOnlyForDeploymentPostprocessing = 0;
		};
		8CD0DD692ADDF048007FD2D4 /* Sources */ = {
			isa = PBXSourcesBuildPhase;
			buildActionMask = 2147483647;
			files = (
				8CD0DD722ADDF048007FD2D4 /* PruebaPlatziUITests.swift in Sources */,
				8CD0DD742ADDF048007FD2D4 /* PruebaPlatziUITestsLaunchTests.swift in Sources */,
			);
			runOnlyForDeploymentPostprocessing = 0;
		};
/* End PBXSourcesBuildPhase section */

/* Begin PBXTargetDependency section */
		8CD0DD652ADDF048007FD2D4 /* PBXTargetDependency */ = {
			isa = PBXTargetDependency;
			target = 8CD0DD522ADDF046007FD2D4 /* PruebaPlatzi */;
			targetProxy = 8CD0DD642ADDF048007FD2D4 /* PBXContainerItemProxy */;
		};
		8CD0DD6F2ADDF048007FD2D4 /* PBXTargetDependency */ = {
			isa = PBXTargetDependency;
			target = 8CD0DD522ADDF046007FD2D4 /* PruebaPlatzi */;
			targetProxy = 8CD0DD6E2ADDF048007FD2D4 /* PBXContainerItemProxy */;
		};
/* End PBXTargetDependency section */

/* Begin XCBuildConfiguration section */
		8CD0DD752ADDF048007FD2D4 /* Debug */ = {
			isa = XCBuildConfiguration;
			buildSettings = {
				ALWAYS_SEARCH_USER_PATHS = NO;
				CLANG_ANALYZER_NONNULL = YES;
				CLANG_ANALYZER_NUMBER_OBJECT_CONVERSION = YES_AGGRESSIVE;
				CLANG_CXX_LANGUAGE_STANDARD = "gnu++20";
				CLANG_ENABLE_MODULES = YES;
				CLANG_ENABLE_OBJC_ARC = YES;
				CLANG_ENABLE_OBJC_WEAK = YES;
				CLANG_WARN_BLOCK_CAPTURE_AUTORELEASING = YES;
				CLANG_WARN_BOOL_CONVERSION = YES;
				CLANG_WARN_COMMA = YES;
				CLANG_WARN_CONSTANT_CONVERSION = YES;
				CLANG_WARN_DEPRECATED_OBJC_IMPLEMENTATIONS = YES;
				CLANG_WARN_DIRECT_OBJC_ISA_USAGE = YES_ERROR;
				CLANG_WARN_DOCUMENTATION_COMMENTS = YES;
				CLANG_WARN_EMPTY_BODY = YES;
				CLANG_WARN_ENUM_CONVERSION = YES;
				CLANG_WARN_INFINITE_RECURSION = YES;
				CLANG_WARN_INT_CONVERSION = YES;
				CLANG_WARN_NON_LITERAL_NULL_CONVERSION = YES;
				CLANG_WARN_OBJC_IMPLICIT_RETAIN_SELF = YES;
				CLANG_WARN_OBJC_LITERAL_CONVERSION = YES;
				CLANG_WARN_OBJC_ROOT_CLASS = YES_ERROR;
				CLANG_WARN_QUOTED_INCLUDE_IN_FRAMEWORK_HEADER = YES;
				CLANG_WARN_RANGE_LOOP_ANALYSIS = YES;
				CLANG_WARN_STRICT_PROTOTYPES = YES;
				CLANG_WARN_SUSPICIOUS_MOVE = YES;
				CLANG_WARN_UNGUARDED_AVAILABILITY = YES_AGGRESSIVE;
				CLANG_WARN_UNREACHABLE_CODE = YES;
				CLANG_WARN__DUPLICATE_METHOD_MATCH = YES;
				COPY_PHASE_STRIP = NO;
				DEBUG_INFORMATION_FORMAT = dwarf;
				ENABLE_STRICT_OBJC_MSGSEND = YES;
				ENABLE_TESTABILITY = YES;
				GCC_C_LANGUAGE_STANDARD = gnu11;
				GCC_DYNAMIC_NO_PIC = NO;
				GCC_NO_COMMON_BLOCKS = YES;
				GCC_OPTIMIZATION_LEVEL = 0;
				GCC_PREPROCESSOR_DEFINITIONS = (
					"DEBUG=1",
					"$(inherited)",
				);
				GCC_WARN_64_TO_32_BIT_CONVERSION = YES;
				GCC_WARN_ABOUT_RETURN_TYPE = YES_ERROR;
				GCC_WARN_UNDECLARED_SELECTOR = YES;
				GCC_WARN_UNINITIALIZED_AUTOS = YES_AGGRESSIVE;
				GCC_WARN_UNUSED_FUNCTION = YES;
				GCC_WARN_UNUSED_VARIABLE = YES;
				IPHONEOS_DEPLOYMENT_TARGET = 16.2;
				MTL_ENABLE_DEBUG_INFO = INCLUDE_SOURCE;
				MTL_FAST_MATH = YES;
				ONLY_ACTIVE_ARCH = YES;
				SDKROOT = iphoneos;
				SWIFT_ACTIVE_COMPILATION_CONDITIONS = DEBUG;
				SWIFT_OPTIMIZATION_LEVEL = "-Onone";
			};
			name = Debug;
		};
		8CD0DD762ADDF048007FD2D4 /* Release */ = {
			isa = XCBuildConfiguration;
			buildSettings = {
				ALWAYS_SEARCH_USER_PATHS = NO;
				CLANG_ANALYZER_NONNULL = YES;
				CLANG_ANALYZER_NUMBER_OBJECT_CONVERSION = YES_AGGRESSIVE;
				CLANG_CXX_LANGUAGE_STANDARD = "gnu++20";
				CLANG_ENABLE_MODULES = YES;
				CLANG_ENABLE_OBJC_ARC = YES;
				CLANG_ENABLE_OBJC_WEAK = YES;
				CLANG_WARN_BLOCK_CAPTURE_AUTORELEASING = YES;
				CLANG_WARN_BOOL_CONVERSION = YES;
				CLANG_WARN_COMMA = YES;
				CLANG_WARN_CONSTANT_CONVERSION = YES;
				CLANG_WARN_DEPRECATED_OBJC_IMPLEMENTATIONS = YES;
				CLANG_WARN_DIRECT_OBJC_ISA_USAGE = YES_ERROR;
				CLANG_WARN_DOCUMENTATION_COMMENTS = YES;
				CLANG_WARN_EMPTY_BODY = YES;
				CLANG_WARN_ENUM_CONVERSION = YES;
				CLANG_WARN_INFINITE_RECURSION = YES;
				CLANG_WARN_INT_CONVERSION = YES;
				CLANG_WARN_NON_LITERAL_NULL_CONVERSION = YES;
				CLANG_WARN_OBJC_IMPLICIT_RETAIN_SELF = YES;
				CLANG_WARN_OBJC_LITERAL_CONVERSION = YES;
				CLANG_WARN_OBJC_ROOT_CLASS = YES_ERROR;
				CLANG_WARN_QUOTED_INCLUDE_IN_FRAMEWORK_HEADER = YES;
				CLANG_WARN_RANGE_LOOP_ANALYSIS = YES;
				CLANG_WARN_STRICT_PROTOTYPES = YES;
				CLANG_WARN_SUSPICIOUS_MOVE = YES;
				CLANG_WARN_UNGUARDED_AVAILABILITY = YES_AGGRESSIVE;
				CLANG_WARN_UNREACHABLE_CODE = YES;
				CLANG_WARN__DUPLICATE_METHOD_MATCH = YES;
				COPY_PHASE_STRIP = NO;
				DEBUG_INFORMATION_FORMAT = "dwarf-with-dsym";
				ENABLE_NS_ASSERTIONS = NO;
				ENABLE_STRICT_OBJC_MSGSEND = YES;
				GCC_C_LANGUAGE_STANDARD = gnu11;
				GCC_NO_COMMON_BLOCKS = YES;
				GCC_WARN_64_TO_32_BIT_CONVERSION = YES;
				GCC_WARN_ABOUT_RETURN_TYPE = YES_ERROR;
				GCC_WARN_UNDECLARED_SELECTOR = YES;
				GCC_WARN_UNINITIALIZED_AUTOS = YES_AGGRESSIVE;
				GCC_WARN_UNUSED_FUNCTION = YES;
				GCC_WARN_UNUSED_VARIABLE = YES;
				IPHONEOS_DEPLOYMENT_TARGET = 16.2;
				MTL_ENABLE_DEBUG_INFO = NO;
				MTL_FAST_MATH = YES;
				SDKROOT = iphoneos;
				SWIFT_COMPILATION_MODE = wholemodule;
				SWIFT_OPTIMIZATION_LEVEL = "-O";
				VALIDATE_PRODUCT = YES;
			};
			name = Release;
		};
		8CD0DD782ADDF048007FD2D4 /* Debug */ = {
			isa = XCBuildConfiguration;
			buildSettings = {
				ASSETCATALOG_COMPILER_APPICON_NAME = AppIcon;
				ASSETCATALOG_COMPILER_GLOBAL_ACCENT_COLOR_NAME = AccentColor;
				CODE_SIGN_STYLE = Automatic;
				CURRENT_PROJECT_VERSION = 1;
				DEVELOPMENT_ASSET_PATHS = "\"PruebaPlatzi/Preview Content\"";
				DEVELOPMENT_TEAM = RF63ZP23GS;
				ENABLE_PREVIEWS = YES;
				GENERATE_INFOPLIST_FILE = YES;
				INFOPLIST_KEY_UIApplicationSceneManifest_Generation = YES;
				INFOPLIST_KEY_UIApplicationSupportsIndirectInputEvents = YES;
				INFOPLIST_KEY_UILaunchScreen_Generation = YES;
				INFOPLIST_KEY_UISupportedInterfaceOrientations_iPad = "UIInterfaceOrientationPortrait UIInterfaceOrientationPortraitUpsideDown UIInterfaceOrientationLandscapeLeft UIInterfaceOrientationLandscapeRight";
				INFOPLIST_KEY_UISupportedInterfaceOrientations_iPhone = "UIInterfaceOrientationPortrait UIInterfaceOrientationLandscapeLeft UIInterfaceOrientationLandscapeRight";
				LD_RUNPATH_SEARCH_PATHS = (
					"$(inherited)",
					"@executable_path/Frameworks",
				);
				MARKETING_VERSION = 1.0;
				PRODUCT_BUNDLE_IDENTIFIER = com.NewStreet..PruebaPlatzi;
				PRODUCT_NAME = "$(TARGET_NAME)";
				SUPPORTED_PLATFORMS = "iphoneos iphonesimulator";
				SUPPORTS_MACCATALYST = NO;
				SUPPORTS_MAC_DESIGNED_FOR_IPHONE_IPAD = NO;
				SWIFT_EMIT_LOC_STRINGS = YES;
				SWIFT_VERSION = 5.0;
				TARGETED_DEVICE_FAMILY = 1;
			};
			name = Debug;
		};
		8CD0DD792ADDF048007FD2D4 /* Release */ = {
			isa = XCBuildConfiguration;
			buildSettings = {
				ASSETCATALOG_COMPILER_APPICON_NAME = AppIcon;
				ASSETCATALOG_COMPILER_GLOBAL_ACCENT_COLOR_NAME = AccentColor;
				CODE_SIGN_STYLE = Automatic;
				CURRENT_PROJECT_VERSION = 1;
				DEVELOPMENT_ASSET_PATHS = "\"PruebaPlatzi/Preview Content\"";
				DEVELOPMENT_TEAM = RF63ZP23GS;
				ENABLE_PREVIEWS = YES;
				GENERATE_INFOPLIST_FILE = YES;
				INFOPLIST_KEY_UIApplicationSceneManifest_Generation = YES;
				INFOPLIST_KEY_UIApplicationSupportsIndirectInputEvents = YES;
				INFOPLIST_KEY_UILaunchScreen_Generation = YES;
				INFOPLIST_KEY_UISupportedInterfaceOrientations_iPad = "UIInterfaceOrientationPortrait UIInterfaceOrientationPortraitUpsideDown UIInterfaceOrientationLandscapeLeft UIInterfaceOrientationLandscapeRight";
				INFOPLIST_KEY_UISupportedInterfaceOrientations_iPhone = "UIInterfaceOrientationPortrait UIInterfaceOrientationLandscapeLeft UIInterfaceOrientationLandscapeRight";
				LD_RUNPATH_SEARCH_PATHS = (
					"$(inherited)",
					"@executable_path/Frameworks",
				);
				MARKETING_VERSION = 1.0;
				PRODUCT_BUNDLE_IDENTIFIER = com.NewStreet..PruebaPlatzi;
				PRODUCT_NAME = "$(TARGET_NAME)";
				SUPPORTED_PLATFORMS = "iphoneos iphonesimulator";
				SUPPORTS_MACCATALYST = NO;
				SUPPORTS_MAC_DESIGNED_FOR_IPHONE_IPAD = NO;
				SWIFT_EMIT_LOC_STRINGS = YES;
				SWIFT_VERSION = 5.0;
				TARGETED_DEVICE_FAMILY = 1;
			};
			name = Release;
		};
		8CD0DD7B2ADDF048007FD2D4 /* Debug */ = {
			isa = XCBuildConfiguration;
			buildSettings = {
				ALWAYS_EMBED_SWIFT_STANDARD_LIBRARIES = YES;
				BUNDLE_LOADER = "$(TEST_HOST)";
				CODE_SIGN_STYLE = Automatic;
				CURRENT_PROJECT_VERSION = 1;
				DEVELOPMENT_TEAM = RF63ZP23GS;
				GENERATE_INFOPLIST_FILE = YES;
				IPHONEOS_DEPLOYMENT_TARGET = 16.2;
				MARKETING_VERSION = 1.0;
				PRODUCT_BUNDLE_IDENTIFIER = com.NewStreet..PruebaPlatziTests;
				PRODUCT_NAME = "$(TARGET_NAME)";
				SWIFT_EMIT_LOC_STRINGS = NO;
				SWIFT_VERSION = 5.0;
				TARGETED_DEVICE_FAMILY = "1,2";
				TEST_HOST = "$(BUILT_PRODUCTS_DIR)/PruebaPlatzi.app/$(BUNDLE_EXECUTABLE_FOLDER_PATH)/PruebaPlatzi";
			};
			name = Debug;
		};
		8CD0DD7C2ADDF048007FD2D4 /* Release */ = {
			isa = XCBuildConfiguration;
			buildSettings = {
				ALWAYS_EMBED_SWIFT_STANDARD_LIBRARIES = YES;
				BUNDLE_LOADER = "$(TEST_HOST)";
				CODE_SIGN_STYLE = Automatic;
				CURRENT_PROJECT_VERSION = 1;
				DEVELOPMENT_TEAM = RF63ZP23GS;
				GENERATE_INFOPLIST_FILE = YES;
				IPHONEOS_DEPLOYMENT_TARGET = 16.2;
				MARKETING_VERSION = 1.0;
				PRODUCT_BUNDLE_IDENTIFIER = com.NewStreet..PruebaPlatziTests;
				PRODUCT_NAME = "$(TARGET_NAME)";
				SWIFT_EMIT_LOC_STRINGS = NO;
				SWIFT_VERSION = 5.0;
				TARGETED_DEVICE_FAMILY = "1,2";
				TEST_HOST = "$(BUILT_PRODUCTS_DIR)/PruebaPlatzi.app/$(BUNDLE_EXECUTABLE_FOLDER_PATH)/PruebaPlatzi";
			};
			name = Release;
		};
		8CD0DD7E2ADDF048007FD2D4 /* Debug */ = {
			isa = XCBuildConfiguration;
			buildSettings = {
				ALWAYS_EMBED_SWIFT_STANDARD_LIBRARIES = YES;
				CODE_SIGN_STYLE = Automatic;
				CURRENT_PROJECT_VERSION = 1;
				DEVELOPMENT_TEAM = RF63ZP23GS;
				GENERATE_INFOPLIST_FILE = YES;
				MARKETING_VERSION = 1.0;
				PRODUCT_BUNDLE_IDENTIFIER = com.NewStreet..PruebaPlatziUITests;
				PRODUCT_NAME = "$(TARGET_NAME)";
				SWIFT_EMIT_LOC_STRINGS = NO;
				SWIFT_VERSION = 5.0;
				TARGETED_DEVICE_FAMILY = "1,2";
				TEST_TARGET_NAME = PruebaPlatzi;
			};
			name = Debug;
		};
		8CD0DD7F2ADDF048007FD2D4 /* Release */ = {
			isa = XCBuildConfiguration;
			buildSettings = {
				ALWAYS_EMBED_SWIFT_STANDARD_LIBRARIES = YES;
				CODE_SIGN_STYLE = Automatic;
				CURRENT_PROJECT_VERSION = 1;
				DEVELOPMENT_TEAM = RF63ZP23GS;
				GENERATE_INFOPLIST_FILE = YES;
				MARKETING_VERSION = 1.0;
				PRODUCT_BUNDLE_IDENTIFIER = com.NewStreet..PruebaPlatziUITests;
				PRODUCT_NAME = "$(TARGET_NAME)";
				SWIFT_EMIT_LOC_STRINGS = NO;
				SWIFT_VERSION = 5.0;
				TARGETED_DEVICE_FAMILY = "1,2";
				TEST_TARGET_NAME = PruebaPlatzi;
			};
			name = Release;
		};
/* End XCBuildConfiguration section */

/* Begin XCConfigurationList section */
		8CD0DD4E2ADDF046007FD2D4 /* Build configuration list for PBXProject "PruebaPlatzi" */ = {
			isa = XCConfigurationList;
			buildConfigurations = (
				8CD0DD752ADDF048007FD2D4 /* Debug */,
				8CD0DD762ADDF048007FD2D4 /* Release */,
			);
			defaultConfigurationIsVisible = 0;
			defaultConfigurationName = Release;
		};
		8CD0DD772ADDF048007FD2D4 /* Build configuration list for PBXNativeTarget "PruebaPlatzi" */ = {
			isa = XCConfigurationList;
			buildConfigurations = (
				8CD0DD782ADDF048007FD2D4 /* Debug */,
				8CD0DD792ADDF048007FD2D4 /* Release */,
			);
			defaultConfigurationIsVisible = 0;
			defaultConfigurationName = Release;
		};
		8CD0DD7A2ADDF048007FD2D4 /* Build configuration list for PBXNativeTarget "PruebaPlatziTests" */ = {
			isa = XCConfigurationList;
			buildConfigurations = (
				8CD0DD7B2ADDF048007FD2D4 /* Debug */,
				8CD0DD7C2ADDF048007FD2D4 /* Release */,
			);
			defaultConfigurationIsVisible = 0;
			defaultConfigurationName = Release;
		};
		8CD0DD7D2ADDF048007FD2D4 /* Build configuration list for PBXNativeTarget "PruebaPlatziUITests" */ = {
			isa = XCConfigurationList;
			buildConfigurations = (
				8CD0DD7E2ADDF048007FD2D4 /* Debug */,
				8CD0DD7F2ADDF048007FD2D4 /* Release */,
			);
			defaultConfigurationIsVisible = 0;
			defaultConfigurationName = Release;
		};
/* End XCConfigurationList section */

/* Begin XCRemoteSwiftPackageReference section */
		8CD8C5CF2ADE082700051D9D /* XCRemoteSwiftPackageReference "realm-swift" */ = {
			isa = XCRemoteSwiftPackageReference;
			repositoryURL = "https://github.com/realm/realm-swift.git";
			requirement = {
				branch = master;
				kind = branch;
			};
		};
/* End XCRemoteSwiftPackageReference section */

/* Begin XCSwiftPackageProductDependency section */
		8CD8C5D02ADE082700051D9D /* Realm */ = {
			isa = XCSwiftPackageProductDependency;
			package = 8CD8C5CF2ADE082700051D9D /* XCRemoteSwiftPackageReference "realm-swift" */;
			productName = Realm;
		};
		8CD8C5D22ADE082700051D9D /* RealmSwift */ = {
			isa = XCSwiftPackageProductDependency;
			package = 8CD8C5CF2ADE082700051D9D /* XCRemoteSwiftPackageReference "realm-swift" */;
			productName = RealmSwift;
		};
/* End XCSwiftPackageProductDependency section */
	};
	rootObject = 8CD0DD4B2ADDF046007FD2D4 /* Project object */;
}
